
Microsoft Visual Studio Solution File, Format Version 12.00
# Visual Studio Version 16
VisualStudioVersion = 16.0.29806.167
MinimumVisualStudioVersion = 10.0.40219.1
Project("{FAE04EC0-301F-11D3-BF4B-00C04F79EFBC}") = "Number1(8)", "Number1(8)\Number1(8).csproj", "{139182C3-2F59-4D74-9FA9-BED7317F634F}"
EndProject
Global
	GlobalSection(SolutionConfigurationPlatforms) = preSolution
		Debug|Any CPU = Debug|Any CPU
		Release|Any CPU = Release|Any CPU
	EndGlobalSection
	GlobalSection(ProjectConfigurationPlatforms) = postSolution
		{139182C3-2F59-4D74-9FA9-BED7317F634F}.Debug|Any CPU.ActiveCfg = Debug|Any CPU
		{139182C3-2F59-4D74-9FA9-BED7317F634F}.Debug|Any CPU.Build.0 = Debug|Any CPU
		{139182C3-2F59-4D74-9FA9-BED7317F634F}.Release|Any CPU.ActiveCfg = Release|Any CPU
		{139182C3-2F59-4D74-9FA9-BED7317F634F}.Release|Any CPU.Build.0 = Release|Any CPU
	EndGlobalSection
	GlobalSection(SolutionProperties) = preSolution
		HideSolutionNode = FALSE
	EndGlobalSection
	GlobalSection(ExtensibilityGlobals) = postSolution
		SolutionGuid = {4E9E4DA5-0959-4BBD-98FD-E80D828C23AF}
	EndGlobalSection
EndGlobal
